
Microsoft Visual Studio Solution File, Format Version 12.00
# Visual Studio Version 16
VisualStudioVersion = 16.0.34301.259
MinimumVisualStudioVersion = 10.0.40219.1
Project("{FAE04EC0-301F-11D3-BF4B-00C04F79EFBC}") = "Wedding Management System", "Wedding Management System\Wedding Management System.csproj", "{9F3690AE-CFD1-4907-97DD-01625305CBF1}"
EndProject
Global
	GlobalSection(SolutionConfigurationPlatforms) = preSolution
		Debug|Any CPU = Debug|Any CPU
		Release|Any CPU = Release|Any CPU
	EndGlobalSection
	GlobalSection(ProjectConfigurationPlatforms) = postSolution
		{9F3690AE-CFD1-4907-97DD-01625305CBF1}.Debug|Any CPU.ActiveCfg = Debug|Any CPU
		{9F3690AE-CFD1-4907-97DD-01625305CBF1}.Debug|Any CPU.Build.0 = Debug|Any CPU
		{9F3690AE-CFD1-4907-97DD-01625305CBF1}.Release|Any CPU.ActiveCfg = Release|Any CPU
		{9F3690AE-CFD1-4907-97DD-01625305CBF1}.Release|Any CPU.Build.0 = Release|Any CPU
	EndGlobalSection
	GlobalSection(SolutionProperties) = preSolution
		HideSolutionNode = FALSE
	EndGlobalSection
	GlobalSection(ExtensibilityGlobals) = postSolution
		SolutionGuid = {1D728E00-B38A-4C35-BE39-539AF8BD5385}
	EndGlobalSection
EndGlobal
